
Microsoft Visual Studio Solution File, Format Version 12.00
# Visual Studio 14
VisualStudioVersion = 14.0.25420.1
MinimumVisualStudioVersion = 10.0.40219.1
Project("{FAE04EC0-301F-11D3-BF4B-00C04F79EFBC}") = "MyFirstWebApp", "MyFirstWebApp\MyFirstWebApp.csproj", "{9EAE5DF6-893B-49B4-B4A4-07E2E0783AC1}"
EndProject
Project("{FAE04EC0-301F-11D3-BF4B-00C04F79EFBC}") = "MyFirstWebApp.Tests", "MyFirstWebApp.Tests\MyFirstWebApp.Tests.csproj", "{CDA7F148-5B06-45A9-B067-65681B5087A5}"
EndProject
Global
	GlobalSection(SolutionConfigurationPlatforms) = preSolution
		Debug|Any CPU = Debug|Any CPU
		Release|Any CPU = Release|Any CPU
	EndGlobalSection
	GlobalSection(ProjectConfigurationPlatforms) = postSolution
		{9EAE5DF6-893B-49B4-B4A4-07E2E0783AC1}.Debug|Any CPU.ActiveCfg = Debug|Any CPU
		{9EAE5DF6-893B-49B4-B4A4-07E2E0783AC1}.Debug|Any CPU.Build.0 = Debug|Any CPU
		{9EAE5DF6-893B-49B4-B4A4-07E2E0783AC1}.Release|Any CPU.ActiveCfg = Release|Any CPU
		{9EAE5DF6-893B-49B4-B4A4-07E2E0783AC1}.Release|Any CPU.Build.0 = Release|Any CPU
		{CDA7F148-5B06-45A9-B067-65681B5087A5}.Debug|Any CPU.ActiveCfg = Debug|Any CPU
		{CDA7F148-5B06-45A9-B067-65681B5087A5}.Debug|Any CPU.Build.0 = Debug|Any CPU
		{CDA7F148-5B06-45A9-B067-65681B5087A5}.Release|Any CPU.ActiveCfg = Release|Any CPU
		{CDA7F148-5B06-45A9-B067-65681B5087A5}.Release|Any CPU.Build.0 = Release|Any CPU
	EndGlobalSection
	GlobalSection(SolutionProperties) = preSolution
		HideSolutionNode = FALSE
	EndGlobalSection
EndGlobal
